<?xml version="1.0" encoding="utf-8"?>
<Project ToolsVersion="4.0" xmlns="http://schemas.microsoft.com/developer/msbuild/2003">
  <ItemGroup>
    <Filter Include="main">
      <UniqueIdentifier>{4FC737F1-C7A5-4376-A066-2A32D752A2FF}</UniqueIdentifier>
      <Extensions>cpp;c;cc;cxx;c++;cppm;ixx;def;odl;idl;hpj;bat;asm;asmx</Extensions>
    </Filter>
    <Filter Include="syndicate">
      <UniqueIdentifier>{7c6b9484-86b0-4452-870b-320dfffb8a8c}</UniqueIdentifier>
    </Filter>
  </ItemGroup>
  <ItemGroup>
    <ClCompile Include="main.cpp">
      <Filter>main</Filter>
    </ClCompile>
  </ItemGroup>
  <ItemGroup>
    <ClInclude Include="syndicate\SyndicateAuthLib.h">
      <Filter>syndicate</Filter>
    </ClInclude>
    <ClInclude Include="syndicate\skStr.h">
      <Filter>syndicate</Filter>
    </ClInclude>
  </ItemGroup>
  <ItemGroup>
    <Library Include="syndicate\SyndicateAuth.lib">
      <Filter>syndicate</Filter>
    </Library>
  </ItemGroup>
</Project>